
Microsoft Visual Studio Solution File, Format Version 12.00
# Visual Studio Version 17
VisualStudioVersion = 17.13.35806.99 d17.13
MinimumVisualStudioVersion = 10.0.40219.1
Project("{FAE04EC0-301F-11D3-BF4B-00C04F79EFBC}") = "Producer", "Producer.csproj", "{0C0544C1-8CEA-41B4-AE49-E79818C38ACD}"
EndProject
Project("{FAE04EC0-301F-11D3-BF4B-00C04F79EFBC}") = "Consumer", "..\Consumer\Consumer.csproj", "{5CCEB4F1-07EE-48B8-9EF7-BD9D78446A25}"
EndProject
Project("{FAE04EC0-301F-11D3-BF4B-00C04F79EFBC}") = "EventContract", "..\EventContract\EventContract.csproj", "{85DF1832-7A88-412C-9E13-543DB8D9D11D}"
EndProject
Global
	GlobalSection(SolutionConfigurationPlatforms) = preSolution
		Debug|Any CPU = Debug|Any CPU
		Release|Any CPU = Release|Any CPU
	EndGlobalSection
	GlobalSection(ProjectConfigurationPlatforms) = postSolution
		{0C0544C1-8CEA-41B4-AE49-E79818C38ACD}.Debug|Any CPU.ActiveCfg = Debug|Any CPU
		{0C0544C1-8CEA-41B4-AE49-E79818C38ACD}.Debug|Any CPU.Build.0 = Debug|Any CPU
		{0C0544C1-8CEA-41B4-AE49-E79818C38ACD}.Release|Any CPU.ActiveCfg = Release|Any CPU
		{0C0544C1-8CEA-41B4-AE49-E79818C38ACD}.Release|Any CPU.Build.0 = Release|Any CPU
		{5CCEB4F1-07EE-48B8-9EF7-BD9D78446A25}.Debug|Any CPU.ActiveCfg = Debug|Any CPU
		{5CCEB4F1-07EE-48B8-9EF7-BD9D78446A25}.Debug|Any CPU.Build.0 = Debug|Any CPU
		{5CCEB4F1-07EE-48B8-9EF7-BD9D78446A25}.Release|Any CPU.ActiveCfg = Release|Any CPU
		{5CCEB4F1-07EE-48B8-9EF7-BD9D78446A25}.Release|Any CPU.Build.0 = Release|Any CPU
		{85DF1832-7A88-412C-9E13-543DB8D9D11D}.Debug|Any CPU.ActiveCfg = Debug|Any CPU
		{85DF1832-7A88-412C-9E13-543DB8D9D11D}.Debug|Any CPU.Build.0 = Debug|Any CPU
		{85DF1832-7A88-412C-9E13-543DB8D9D11D}.Release|Any CPU.ActiveCfg = Release|Any CPU
		{85DF1832-7A88-412C-9E13-543DB8D9D11D}.Release|Any CPU.Build.0 = Release|Any CPU
	EndGlobalSection
	GlobalSection(SolutionProperties) = preSolution
		HideSolutionNode = FALSE
	EndGlobalSection
	GlobalSection(ExtensibilityGlobals) = postSolution
		SolutionGuid = {559BAE37-D5E0-4D46-B0F1-A0AF1FF8554D}
	EndGlobalSection
EndGlobal
